{
  "name": "ts-union-test",
  "version": "1.0.0",
  "lockfileVersion": 1,
  "requires": true,
  "dependencies": {
    "conditional-type-checks": {
      "version": "1.0.5",
      "resolved": "https://registry.npmjs.org/conditional-type-checks/-/conditional-type-checks-1.0.5.tgz",
      "integrity": "sha512-DkfkvmjXVe4ye4llJ1JADtO3dNvqqcQM08cA9BhNt9Oe8pyRW8X1CZyBg9Qst05bDV9BJM01KLmnFh78NcJgNg=="
    },
    "typescript": {
      "version": "4.1.2",
      "resolved": "https://registry.npmjs.org/typescript/-/typescript-4.1.2.tgz",
      "integrity": "sha512-thGloWsGH3SOxv1SoY7QojKi0tc+8FnOmiarEGMbd/lar7QOEd3hvlx3Fp5y6FlDUGl9L+pd4n2e+oToGMmhRQ=="
    }
  }
}
